{
  "name": "ng-mocks-examples",
  "version": "0.0.0",
  "lockfileVersion": 1,
  "requires": true,
  "dependencies": {
    "@angular/animations": {
      "version": "11.0.0",
      "resolved": "https://registry.npmjs.org/@angular/animations/-/animations-11.0.0.tgz",
      "integrity": "sha512-RGaAnZOI73bPnNWrJq/p8sc+hpUBhScq139M6r4qQjQPsPahazL6v6hHAgRhZNemqw164d1oE4K/22O/i0E3Tw==",
      "requires": {
        "tslib": "^2.0.0"
      }
    },
    "@angular/common": {
      "version": "11.0.0",
      "resolved": "https://registry.npmjs.org/@angular/common/-/common-11.0.0.tgz",
      "integrity": "sha512-chlbtxR7jpPs3Rc1ymdp3UfUzqEr57OFIxVMG6hROODclPQQk/7oOHdQB4hpUObaF9y4ZTLeKHKWiR/twi21Pg==",
      "requires": {
        "tslib": "^2.0.0"
      }
    },
    "@angular/compiler": {
      "version": "11.0.0",
      "resolved": "https://registry.npmjs.org/@angular/compiler/-/compiler-11.0.0.tgz",
      "integrity": "sha512-I7wVhdqvhtBTQTtW61z0lwPb1LiQQ0NOwjsbfN5sAc7/uwxw7em+Kyb/XJgBwgaTKtAL8bZEzdoQGLdsSKQF2g==",
      "requires": {
        "tslib": "^2.0.0"
      }
    },
    "@angular/core": {
      "version": "11.0.0",
      "resolved": "https://registry.npmjs.org/@angular/core/-/core-11.0.0.tgz",
      "integrity": "sha512-FNewyMwYy+kGdw1xWfrtaPD2cSQs3kDVFbl8mNMSzp933W5yMsHDvjXb0+nPFqEb8ywEIdm3MsBMK0y3iBWZQw==",
      "requires": {
        "tslib": "^2.0.0"
      }
    },
    "@angular/forms": {
      "version": "11.0.0",
      "resolved": "https://registry.npmjs.org/@angular/forms/-/forms-11.0.0.tgz",
      "integrity": "sha512-hP6GF1ZkxKQp7Y+EVbEe9PPDQPrUQNdfVxphCWQYwu3tm8+tn1r91KVXkp2MA3M4Fh6Xo2HQEU2d+VXv4w0iNQ==",
      "requires": {
        "tslib": "^2.0.0"
      }
    },
    "@angular/platform-browser": {
      "version": "11.0.0",
      "resolved": "https://registry.npmjs.org/@angular/platform-browser/-/platform-browser-11.0.0.tgz",
      "integrity": "sha512-p8sF6JfaBI+YyLpp5OSg6UcCqjtLKRR+Otq1P/tro5SuxrsrBNRVU8j0tl/crkScsMwAvgmJ1joRyUKdI2mUGQ==",
      "requires": {
        "tslib": "^2.0.0"
      }
    },
    "@angular/platform-browser-dynamic": {
      "version": "11.0.0",
      "resolved": "https://registry.npmjs.org/@angular/platform-browser-dynamic/-/platform-browser-dynamic-11.0.0.tgz",
      "integrity": "sha512-NAmKGhHK+tl7dr/Hcqxvr/813Opec3Mv0IRwIgmKdlpZd7qAwT/mw4RnO4YPSEoDOM6hqGt7GdlWrSDX802duQ==",
      "requires": {
        "tslib": "^2.0.0"
      }
    },
    "@angular/router": {
      "version": "11.0.0",
      "resolved": "https://registry.npmjs.org/@angular/router/-/router-11.0.0.tgz",
      "integrity": "sha512-10ZeobfK3HqVeWS6zjdKU16ccxFtdCHkxT11bnFg3Jwq9vKt+LI5KitAkCI5rYTY3DRfVzasRkqBzZfZMkbftw==",
      "requires": {
        "tslib": "^2.0.0"
      }
    },
    "@types/jasmine": {
      "version": "3.6.1",
      "resolved": "https://registry.npmjs.org/@types/jasmine/-/jasmine-3.6.1.tgz",
      "integrity": "sha512-eeSCVhBsgwHNS1FmaMu4zrLxfykCTWJMLFZv7lmyrZQjw7foUUXoPu4GukSN9v7JvUw7X+/aDH3kCaymirBSTg=="
    },
    "core-js": {
      "version": "3.7.0",
      "resolved": "https://registry.npmjs.org/core-js/-/core-js-3.7.0.tgz",
      "integrity": "sha512-NwS7fI5M5B85EwpWuIwJN4i/fbisQUwLwiSNUWeXlkAZ0sbBjLEvLvFLf1uzAUV66PcEPt4xCGCmOZSxVf3xzA=="
    },
    "jasmine-core": {
      "version": "3.6.0",
      "resolved": "https://registry.npmjs.org/jasmine-core/-/jasmine-core-3.6.0.tgz",
      "integrity": "sha512-8uQYa7zJN8hq9z+g8z1bqCfdC8eoDAeVnM5sfqs7KHv9/ifoJ500m018fpFc7RDaO6SWCLCXwo/wPSNcdYTgcw=="
    },
    "ng-mocks": {
      "version": "11.0.0",
      "resolved": "https://registry.npmjs.org/ng-mocks/-/ng-mocks-11.0.0.tgz",
      "integrity": "sha512-FCvk7+UGJEVwNQ02wScCge79Btjez/CZ3VtM8WvdPrntaL8s7XCu94D4CWKX/GaD+5bU4Xi6IpWivAOOdUxrvA=="
    },
    "rxjs": {
      "version": "6.6.3",
      "resolved": "https://registry.npmjs.org/rxjs/-/rxjs-6.6.3.tgz",
      "integrity": "sha512-trsQc+xYYXZ3urjOiJOuCOa5N3jAZ3eiSpQB5hIT8zGlL2QfnHLJ2r7GMkBGuIausdJN1OneaI6gQlsqNHHmZQ==",
      "requires": {
        "tslib": "^1.9.0"
      },
      "dependencies": {
        "tslib": {
          "version": "1.14.1",
          "resolved": "https://registry.npmjs.org/tslib/-/tslib-1.14.1.tgz",
          "integrity": "sha512-Xni35NKzjgMrwevysHTCArtLDpPvye8zV/0E4EyYn43P7/7qvQwPh9BGkHewbMulVntbigmcT7rdX3BNo9wRJg=="
        }
      }
    },
    "tslib": {
      "version": "2.0.3",
      "resolved": "https://registry.npmjs.org/tslib/-/tslib-2.0.3.tgz",
      "integrity": "sha512-uZtkfKblCEQtZKBF6EBXVZeQNl82yqtDQdv+eck8u7tdPxjLu2/lp5/uPW+um2tpuxINHWy3GhiccY7QgEaVHQ=="
    },
    "typescript": {
      "version": "4.0.2",
      "resolved": "https://registry.npmjs.org/typescript/-/typescript-4.0.2.tgz",
      "integrity": "sha512-e4ERvRV2wb+rRZ/IQeb3jm2VxBsirQLpQhdxplZ2MEzGvDkkMmPglecnNDfSUBivMjP93vRbngYYDQqQ/78bcQ==",
      "dev": true
    },
    "zone.js": {
      "version": "0.10.3",
      "resolved": "https://registry.npmjs.org/zone.js/-/zone.js-0.10.3.tgz",
      "integrity": "sha512-LXVLVEq0NNOqK/fLJo3d0kfzd4sxwn2/h67/02pjCjfKDxgx1i9QqpvtHD8CrBnSSwMw5+dy11O7FRX5mkO7Cg=="
    }
  }
}
