{
  "name": "ng-mocks-sandbox",
  "version": "0.0.0",
  "lockfileVersion": 1,
  "requires": true,
  "dependencies": {
    "@angular/animations": {
      "version": "11.0.3",
      "resolved": "https://registry.npmjs.org/@angular/animations/-/animations-11.0.3.tgz",
      "integrity": "sha512-v0oBfa3Mvnihpbo59bfJw6YwkGYTf6nLVYyKWx2w8pBO3G3ycBAqDqHtDkSBIr13Rq+lSbCgOtrjWxDPLAn9Ig==",
      "requires": {
        "tslib": "^2.0.0"
      }
    },
    "@angular/common": {
      "version": "11.0.3",
      "resolved": "https://registry.npmjs.org/@angular/common/-/common-11.0.3.tgz",
      "integrity": "sha512-g5j6pwN6GOcqIDMV87/ZELm/VlWBvMj2vewIBr0a9KSA/pdAe6rvWR9kfnK9G6GFLv6ST3mq8HWe7NGyF1jpTw==",
      "requires": {
        "tslib": "^2.0.0"
      }
    },
    "@angular/compiler": {
      "version": "11.0.3",
      "resolved": "https://registry.npmjs.org/@angular/compiler/-/compiler-11.0.3.tgz",
      "integrity": "sha512-OjfG4TzCzqNyHO4NmQNM7kdaWlbGrfXyB2i2Kd30PS9Z8s9cuhBBZS23P8NEEYNy1PjhI26cmiozrdMZl0hTUw==",
      "requires": {
        "tslib": "^2.0.0"
      }
    },
    "@angular/core": {
      "version": "11.0.3",
      "resolved": "https://registry.npmjs.org/@angular/core/-/core-11.0.3.tgz",
      "integrity": "sha512-bxo5euE7+Q2ThowkVRwwvKyF5vQEyo9V14JM3GW8k2THbk7LfNctyNkTeuvkTBWfLF17Nd7b5+BdNttNKNlCuQ==",
      "requires": {
        "tslib": "^2.0.0"
      }
    },
    "@angular/forms": {
      "version": "11.0.3",
      "resolved": "https://registry.npmjs.org/@angular/forms/-/forms-11.0.3.tgz",
      "integrity": "sha512-r0ntMYQq/P4mA2Cnryt6Zh2jJHgeKX/IN4ulCxKl59oxC1NskIfbIMk3UNHvCSFpsrzgKl6Btqyf+RYIc3kIxA==",
      "requires": {
        "tslib": "^2.0.0"
      }
    },
    "@angular/platform-browser": {
      "version": "11.0.3",
      "resolved": "https://registry.npmjs.org/@angular/platform-browser/-/platform-browser-11.0.3.tgz",
      "integrity": "sha512-cwpYnVomsIEc9kckwqKCX9pRsd6iOtGMRJs0HOMtOC9v43osBpTSfZvYuARJNwJBO+Gb4AZvbIPuFe0XnZtYYA==",
      "requires": {
        "tslib": "^2.0.0"
      }
    },
    "@angular/platform-browser-dynamic": {
      "version": "11.0.5",
      "resolved": "https://registry.npmjs.org/@angular/platform-browser-dynamic/-/platform-browser-dynamic-11.0.5.tgz",
      "integrity": "sha512-MFjpQcqkHOu8iTUMKVG6vfuOHwrRlgPBvkNucEbtXhTTYNlsw2mprxfUODYEu26EBUAh+FGttu8ZjclUGw4bVg==",
      "requires": {
        "tslib": "^2.0.0"
      }
    },
    "@angular/router": {
      "version": "11.0.3",
      "resolved": "https://registry.npmjs.org/@angular/router/-/router-11.0.3.tgz",
      "integrity": "sha512-iw9jed7sels2CcLJmr0m4TXfoiu8u40a84D0PsEEm1FGEXe4KJQ/jiLQTfiFQywxBd4cvlUdbl4lPHoUN0bspw==",
      "requires": {
        "tslib": "^2.0.0"
      }
    },
    "@types/jasmine": {
      "version": "3.6.2",
      "resolved": "https://registry.npmjs.org/@types/jasmine/-/jasmine-3.6.2.tgz",
      "integrity": "sha512-AzfesNFLvOs6Q1mHzIsVJXSeUnqVh4ZHG8ngygKJfbkcSLwzrBVm/LKa+mR8KrOfnWtUL47112gde1MC0IXqpQ=="
    },
    "core-js": {
      "version": "3.8.1",
      "resolved": "https://registry.npmjs.org/core-js/-/core-js-3.8.1.tgz",
      "integrity": "sha512-9Id2xHY1W7m8hCl8NkhQn5CufmF/WuR30BTRewvCXc1aZd3kMECwNZ69ndLbekKfakw9Rf2Xyc+QR6E7Gg+obg=="
    },
    "jasmine-core": {
      "version": "3.6.0",
      "resolved": "https://registry.npmjs.org/jasmine-core/-/jasmine-core-3.6.0.tgz",
      "integrity": "sha512-8uQYa7zJN8hq9z+g8z1bqCfdC8eoDAeVnM5sfqs7KHv9/ifoJ500m018fpFc7RDaO6SWCLCXwo/wPSNcdYTgcw=="
    },
    "ng-mocks": {
      "version": "11.2.3",
      "resolved": "https://registry.npmjs.org/ng-mocks/-/ng-mocks-11.2.3.tgz",
      "integrity": "sha512-CT0wfOCp3azm9OYP63A2Rf35aLP3yzIGurTLXIkMPxPD0G+M4vq8zUJw0W3vOV0CmQJvCXg6QenNl0KGv1ftqQ=="
    },
    "rxjs": {
      "version": "6.6.3",
      "resolved": "https://registry.npmjs.org/rxjs/-/rxjs-6.6.3.tgz",
      "integrity": "sha512-trsQc+xYYXZ3urjOiJOuCOa5N3jAZ3eiSpQB5hIT8zGlL2QfnHLJ2r7GMkBGuIausdJN1OneaI6gQlsqNHHmZQ==",
      "requires": {
        "tslib": "^1.9.0"
      },
      "dependencies": {
        "tslib": {
          "version": "1.14.1",
          "resolved": "https://registry.npmjs.org/tslib/-/tslib-1.14.1.tgz",
          "integrity": "sha512-Xni35NKzjgMrwevysHTCArtLDpPvye8zV/0E4EyYn43P7/7qvQwPh9BGkHewbMulVntbigmcT7rdX3BNo9wRJg=="
        }
      }
    },
    "tslib": {
      "version": "2.0.3",
      "resolved": "https://registry.npmjs.org/tslib/-/tslib-2.0.3.tgz",
      "integrity": "sha512-uZtkfKblCEQtZKBF6EBXVZeQNl82yqtDQdv+eck8u7tdPxjLu2/lp5/uPW+um2tpuxINHWy3GhiccY7QgEaVHQ=="
    },
    "typescript": {
      "version": "4.1.2",
      "resolved": "https://registry.npmjs.org/typescript/-/typescript-4.1.2.tgz",
      "integrity": "sha512-thGloWsGH3SOxv1SoY7QojKi0tc+8FnOmiarEGMbd/lar7QOEd3hvlx3Fp5y6FlDUGl9L+pd4n2e+oToGMmhRQ==",
      "dev": true
    },
    "zone.js": {
      "version": "0.11.3",
      "resolved": "https://registry.npmjs.org/zone.js/-/zone.js-0.11.3.tgz",
      "integrity": "sha512-Y4hTHoh4VcxU5BDGAqEoOnOiyT254w6CiHtpQxAJUSMZPyVgdbKf+5R7Mwz6xsPhMIeBXk5rTopRZDpjssTCUg==",
      "requires": {
        "tslib": "^2.0.0"
      }
    }
  }
}
